
Microsoft Visual Studio Solution File, Format Version 12.00
# Visual Studio Version 16
VisualStudioVersion = 16.0.32126.315
MinimumVisualStudioVersion = 10.0.40219.1
Project("{FAE04EC0-301F-11D3-BF4B-00C04F79EFBC}") = "Sandbox1", "Sandbox1\Sandbox1.csproj", "{E74CC4C4-96A6-43CD-8884-A0A7D7F391AF}"
EndProject
Global
	GlobalSection(SolutionConfigurationPlatforms) = preSolution
		Debug|Any CPU = Debug|Any CPU
		Release|Any CPU = Release|Any CPU
	EndGlobalSection
	GlobalSection(ProjectConfigurationPlatforms) = postSolution
		{E74CC4C4-96A6-43CD-8884-A0A7D7F391AF}.Debug|Any CPU.ActiveCfg = Debug|Any CPU
		{E74CC4C4-96A6-43CD-8884-A0A7D7F391AF}.Debug|Any CPU.Build.0 = Debug|Any CPU
		{E74CC4C4-96A6-43CD-8884-A0A7D7F391AF}.Release|Any CPU.ActiveCfg = Release|Any CPU
		{E74CC4C4-96A6-43CD-8884-A0A7D7F391AF}.Release|Any CPU.Build.0 = Release|Any CPU
	EndGlobalSection
	GlobalSection(SolutionProperties) = preSolution
		HideSolutionNode = FALSE
	EndGlobalSection
	GlobalSection(ExtensibilityGlobals) = postSolution
		SolutionGuid = {C127ECE9-9A8A-4248-B6F5-A01810452CD5}
	EndGlobalSection
EndGlobal
