
Microsoft Visual Studio Solution File, Format Version 12.00
# Visual Studio Version 16
VisualStudioVersion = 16.0.31229.75
MinimumVisualStudioVersion = 10.0.40219.1
Project("{FAE04EC0-301F-11D3-BF4B-00C04F79EFBC}") = "Ref and Val types", "Ref and Val types\Ref and Val types.csproj", "{36749688-FC1D-4B52-B52D-BDA64A3C3CA3}"
EndProject
Global
	GlobalSection(SolutionConfigurationPlatforms) = preSolution
		Debug|Any CPU = Debug|Any CPU
		Release|Any CPU = Release|Any CPU
	EndGlobalSection
	GlobalSection(ProjectConfigurationPlatforms) = postSolution
		{36749688-FC1D-4B52-B52D-BDA64A3C3CA3}.Debug|Any CPU.ActiveCfg = Debug|Any CPU
		{36749688-FC1D-4B52-B52D-BDA64A3C3CA3}.Debug|Any CPU.Build.0 = Debug|Any CPU
		{36749688-FC1D-4B52-B52D-BDA64A3C3CA3}.Release|Any CPU.ActiveCfg = Release|Any CPU
		{36749688-FC1D-4B52-B52D-BDA64A3C3CA3}.Release|Any CPU.Build.0 = Release|Any CPU
	EndGlobalSection
	GlobalSection(SolutionProperties) = preSolution
		HideSolutionNode = FALSE
	EndGlobalSection
	GlobalSection(ExtensibilityGlobals) = postSolution
		SolutionGuid = {C49AC02C-1729-45CA-923F-E4746861C62D}
	EndGlobalSection
EndGlobal
