
Microsoft Visual Studio Solution File, Format Version 12.00
# Visual Studio Version 16
VisualStudioVersion = 16.0.31229.75
MinimumVisualStudioVersion = 10.0.40219.1
Project("{FAE04EC0-301F-11D3-BF4B-00C04F79EFBC}") = "Lists", "Lists\Lists.csproj", "{9B5B6255-DF2A-4A1C-AC1D-84D586A57F83}"
EndProject
Global
	GlobalSection(SolutionConfigurationPlatforms) = preSolution
		Debug|Any CPU = Debug|Any CPU
		Release|Any CPU = Release|Any CPU
	EndGlobalSection
	GlobalSection(ProjectConfigurationPlatforms) = postSolution
		{9B5B6255-DF2A-4A1C-AC1D-84D586A57F83}.Debug|Any CPU.ActiveCfg = Debug|Any CPU
		{9B5B6255-DF2A-4A1C-AC1D-84D586A57F83}.Debug|Any CPU.Build.0 = Debug|Any CPU
		{9B5B6255-DF2A-4A1C-AC1D-84D586A57F83}.Release|Any CPU.ActiveCfg = Release|Any CPU
		{9B5B6255-DF2A-4A1C-AC1D-84D586A57F83}.Release|Any CPU.Build.0 = Release|Any CPU
	EndGlobalSection
	GlobalSection(SolutionProperties) = preSolution
		HideSolutionNode = FALSE
	EndGlobalSection
	GlobalSection(ExtensibilityGlobals) = postSolution
		SolutionGuid = {0ABEABC7-859A-41A5-915B-08ACE397E8E0}
	EndGlobalSection
EndGlobal
