
Microsoft Visual Studio Solution File, Format Version 12.00
# Visual Studio Version 16
VisualStudioVersion = 16.0.31321.278
MinimumVisualStudioVersion = 10.0.40219.1
Project("{FAE04EC0-301F-11D3-BF4B-00C04F79EFBC}") = "Generics", "Generics.csproj", "{56D3671B-5473-4AA7-B431-462CC32B3907}"
EndProject
Global
	GlobalSection(SolutionConfigurationPlatforms) = preSolution
		Debug|Any CPU = Debug|Any CPU
		Release|Any CPU = Release|Any CPU
	EndGlobalSection
	GlobalSection(ProjectConfigurationPlatforms) = postSolution
		{56D3671B-5473-4AA7-B431-462CC32B3907}.Debug|Any CPU.ActiveCfg = Debug|Any CPU
		{56D3671B-5473-4AA7-B431-462CC32B3907}.Debug|Any CPU.Build.0 = Debug|Any CPU
		{56D3671B-5473-4AA7-B431-462CC32B3907}.Release|Any CPU.ActiveCfg = Release|Any CPU
		{56D3671B-5473-4AA7-B431-462CC32B3907}.Release|Any CPU.Build.0 = Release|Any CPU
	EndGlobalSection
	GlobalSection(SolutionProperties) = preSolution
		HideSolutionNode = FALSE
	EndGlobalSection
	GlobalSection(ExtensibilityGlobals) = postSolution
		SolutionGuid = {4B8552C8-10A0-44EC-B51D-B4D63D9F5F15}
	EndGlobalSection
EndGlobal
